
Microsoft Visual Studio Solution File, Format Version 12.00
# Visual Studio Version 17
VisualStudioVersion = 17.1.32328.378
MinimumVisualStudioVersion = 10.0.40219.1
Project("{9A19103F-16F7-4668-BE54-9A1E7A4F7556}") = "OrderProcessor", "OrderProcessor\OrderProcessor.csproj", "{29EF5CA4-1378-42AE-B655-4DB143C184EB}"
EndProject
Project("{FAE04EC0-301F-11D3-BF4B-00C04F79EFBC}") = "OrderProcessor.Service", "OrderProcessor.Service\OrderProcessor.Service.csproj", "{A816A3A3-5176-48A0-8212-39F1A9274F83}"
EndProject
Project("{FAE04EC0-301F-11D3-BF4B-00C04F79EFBC}") = "OrderProcessor.RestApi", "OrderProcessor.RestApi\OrderProcessor.RestApi.csproj", "{16345FEB-F219-4B1B-BC17-1BA39082A34D}"
EndProject
Project("{FAE04EC0-301F-11D3-BF4B-00C04F79EFBC}") = "OrderProcessor.Tests", "OrderProcessor.Tests\OrderProcessor.Tests.csproj", "{E4E7EAFF-AC5B-4A45-A71C-8FD3B3352662}"
EndProject
Global
	GlobalSection(SolutionConfigurationPlatforms) = preSolution
		Debug|Any CPU = Debug|Any CPU
		Release|Any CPU = Release|Any CPU
	EndGlobalSection
	GlobalSection(ProjectConfigurationPlatforms) = postSolution
		{29EF5CA4-1378-42AE-B655-4DB143C184EB}.Debug|Any CPU.ActiveCfg = Debug|Any CPU
		{29EF5CA4-1378-42AE-B655-4DB143C184EB}.Debug|Any CPU.Build.0 = Debug|Any CPU
		{29EF5CA4-1378-42AE-B655-4DB143C184EB}.Release|Any CPU.ActiveCfg = Release|Any CPU
		{29EF5CA4-1378-42AE-B655-4DB143C184EB}.Release|Any CPU.Build.0 = Release|Any CPU
		{A816A3A3-5176-48A0-8212-39F1A9274F83}.Debug|Any CPU.ActiveCfg = Debug|Any CPU
		{A816A3A3-5176-48A0-8212-39F1A9274F83}.Debug|Any CPU.Build.0 = Debug|Any CPU
		{A816A3A3-5176-48A0-8212-39F1A9274F83}.Release|Any CPU.ActiveCfg = Release|Any CPU
		{A816A3A3-5176-48A0-8212-39F1A9274F83}.Release|Any CPU.Build.0 = Release|Any CPU
		{16345FEB-F219-4B1B-BC17-1BA39082A34D}.Debug|Any CPU.ActiveCfg = Debug|Any CPU
		{16345FEB-F219-4B1B-BC17-1BA39082A34D}.Debug|Any CPU.Build.0 = Debug|Any CPU
		{16345FEB-F219-4B1B-BC17-1BA39082A34D}.Release|Any CPU.ActiveCfg = Release|Any CPU
		{16345FEB-F219-4B1B-BC17-1BA39082A34D}.Release|Any CPU.Build.0 = Release|Any CPU
		{E4E7EAFF-AC5B-4A45-A71C-8FD3B3352662}.Debug|Any CPU.ActiveCfg = Debug|Any CPU
		{E4E7EAFF-AC5B-4A45-A71C-8FD3B3352662}.Debug|Any CPU.Build.0 = Debug|Any CPU
		{E4E7EAFF-AC5B-4A45-A71C-8FD3B3352662}.Release|Any CPU.ActiveCfg = Release|Any CPU
		{E4E7EAFF-AC5B-4A45-A71C-8FD3B3352662}.Release|Any CPU.Build.0 = Release|Any CPU
	EndGlobalSection
	GlobalSection(SolutionProperties) = preSolution
		HideSolutionNode = FALSE
	EndGlobalSection
	GlobalSection(ExtensibilityGlobals) = postSolution
		SolutionGuid = {A9579BF2-173D-483C-8022-B567D739C14F}
	EndGlobalSection
EndGlobal
